
Microsoft Visual Studio Solution File, Format Version 12.00
# Visual Studio Version 16
VisualStudioVersion = 16.0.30907.101
MinimumVisualStudioVersion = 10.0.40219.1
Project("{FAE04EC0-301F-11D3-BF4B-00C04F79EFBC}") = "WebGentel-BookStore", "WebGentel-BookStore\WebGentel-BookStore.csproj", "{E1C0DC06-B06E-4389-A0B5-CA5D9D0068E7}"
EndProject
Global
	GlobalSection(SolutionConfigurationPlatforms) = preSolution
		Debug|Any CPU = Debug|Any CPU
		Release|Any CPU = Release|Any CPU
	EndGlobalSection
	GlobalSection(ProjectConfigurationPlatforms) = postSolution
		{E1C0DC06-B06E-4389-A0B5-CA5D9D0068E7}.Debug|Any CPU.ActiveCfg = Debug|Any CPU
		{E1C0DC06-B06E-4389-A0B5-CA5D9D0068E7}.Debug|Any CPU.Build.0 = Debug|Any CPU
		{E1C0DC06-B06E-4389-A0B5-CA5D9D0068E7}.Release|Any CPU.ActiveCfg = Release|Any CPU
		{E1C0DC06-B06E-4389-A0B5-CA5D9D0068E7}.Release|Any CPU.Build.0 = Release|Any CPU
	EndGlobalSection
	GlobalSection(SolutionProperties) = preSolution
		HideSolutionNode = FALSE
	EndGlobalSection
	GlobalSection(ExtensibilityGlobals) = postSolution
		SolutionGuid = {1D5BF3FA-4B4D-46FE-A8AF-D33C05561069}
	EndGlobalSection
EndGlobal
